// !$*UTF8*$!
{
	archiveVersion = 1;
	classes = {
	};
	objectVersion = 50;
	objects = {

/* Begin PBXBuildFile section */
		67E179BD2674E42A0011B1EE /* UI_233App.swift in Sources */ = {isa = PBXBuildFile; fileRef = 67E179BC2674E42A0011B1EE /* UI_233App.swift */; };
		67E179BF2674E42A0011B1EE /* ContentView.swift in Sources */ = {isa = PBXBuildFile; fileRef = 67E179BE2674E42A0011B1EE /* ContentView.swift */; };
		67E179C12674E42B0011B1EE /* Assets.xcassets in Resources */ = {isa = PBXBuildFile; fileRef = 67E179C02674E42B0011B1EE /* Assets.xcassets */; };
		67E179C42674E42B0011B1EE /* Preview Assets.xcassets in Resources */ = {isa = PBXBuildFile; fileRef = 67E179C32674E42B0011B1EE /* Preview Assets.xcassets */; };
		67E179CF2674E42B0011B1EE /* UI_233Tests.swift in Sources */ = {isa = PBXBuildFile; fileRef = 67E179CE2674E42B0011B1EE /* UI_233Tests.swift */; };
		67E179DA2674E42B0011B1EE /* UI_233UITests.swift in Sources */ = {isa = PBXBuildFile; fileRef = 67E179D92674E42B0011B1EE /* UI_233UITests.swift */; };
		67E179E92674E53A0011B1EE /* Home.swift in Sources */ = {isa = PBXBuildFile; fileRef = 67E179E82674E53A0011B1EE /* Home.swift */; };
		67E179EB2674E5520011B1EE /* BlurView.swift in Sources */ = {isa = PBXBuildFile; fileRef = 67E179EA2674E5520011B1EE /* BlurView.swift */; };
/* End PBXBuildFile section */

/* Begin PBXContainerItemProxy section */
		67E179CB2674E42B0011B1EE /* PBXContainerItemProxy */ = {
			isa = PBXContainerItemProxy;
			containerPortal = 67E179B12674E42A0011B1EE /* Project object */;
			proxyType = 1;
			remoteGlobalIDString = 67E179B82674E42A0011B1EE;
			remoteInfo = "UI-233";
		};
		67E179D62674E42B0011B1EE /* PBXContainerItemProxy */ = {
			isa = PBXContainerItemProxy;
			containerPortal = 67E179B12674E42A0011B1EE /* Project object */;
			proxyType = 1;
			remoteGlobalIDString = 67E179B82674E42A0011B1EE;
			remoteInfo = "UI-233";
		};
/* End PBXContainerItemProxy section */

/* Begin PBXFileReference section */
		67E179B92674E42A0011B1EE /* UI-233.app */ = {isa = PBXFileReference; explicitFileType = wrapper.application; includeInIndex = 0; path = "UI-233.app"; sourceTree = BUILT_PRODUCTS_DIR; };
		67E179BC2674E42A0011B1EE /* UI_233App.swift */ = {isa = PBXFileReference; lastKnownFileType = sourcecode.swift; path = UI_233App.swift; sourceTree = "<group>"; };
		67E179BE2674E42A0011B1EE /* ContentView.swift */ = {isa = PBXFileReference; lastKnownFileType = sourcecode.swift; path = ContentView.swift; sourceTree = "<group>"; };
		67E179C02674E42B0011B1EE /* Assets.xcassets */ = {isa = PBXFileReference; lastKnownFileType = folder.assetcatalog; path = Assets.xcassets; sourceTree = "<group>"; };
		67E179C32674E42B0011B1EE /* Preview Assets.xcassets */ = {isa = PBXFileReference; lastKnownFileType = folder.assetcatalog; path = "Preview Assets.xcassets"; sourceTree = "<group>"; };
		67E179C52674E42B0011B1EE /* Info.plist */ = {isa = PBXFileReference; lastKnownFileType = text.plist.xml; path = Info.plist; sourceTree = "<group>"; };
		67E179CA2674E42B0011B1EE /* UI-233Tests.xctest */ = {isa = PBXFileReference; explicitFileType = wrapper.cfbundle; includeInIndex = 0; path = "UI-233Tests.xctest"; sourceTree = BUILT_PRODUCTS_DIR; };
		67E179CE2674E42B0011B1EE /* UI_233Tests.swift */ = {isa = PBXFileReference; lastKnownFileType = sourcecode.swift; path = UI_233Tests.swift; sourceTree = "<group>"; };
		67E179D02674E42B0011B1EE /* Info.plist */ = {isa = PBXFileReference; lastKnownFileType = text.plist.xml; path = Info.plist; sourceTree = "<group>"; };
		67E179D52674E42B0011B1EE /* UI-233UITests.xctest */ = {isa = PBXFileReference; explicitFileType = wrapper.cfbundle; includeInIndex = 0; path = "UI-233UITests.xctest"; sourceTree = BUILT_PRODUCTS_DIR; };
		67E179D92674E42B0011B1EE /* UI_233UITests.swift */ = {isa = PBXFileReference; lastKnownFileType = sourcecode.swift; path = UI_233UITests.swift; sourceTree = "<group>"; };
		67E179DB2674E42B0011B1EE /* Info.plist */ = {isa = PBXFileReference; lastKnownFileType = text.plist.xml; path = Info.plist; sourceTree = "<group>"; };
		67E179E82674E53A0011B1EE /* Home.swift */ = {isa = PBXFileReference; lastKnownFileType = sourcecode.swift; path = Home.swift; sourceTree = "<group>"; };
		67E179EA2674E5520011B1EE /* BlurView.swift */ = {isa = PBXFileReference; lastKnownFileType = sourcecode.swift; path = BlurView.swift; sourceTree = "<group>"; };
/* End PBXFileReference section */

/* Begin PBXFrameworksBuildPhase section */
		67E179B62674E42A0011B1EE /* Frameworks */ = {
			isa = PBXFrameworksBuildPhase;
			buildActionMask = 2147483647;
			files = (
			);
			runOnlyForDeploymentPostprocessing = 0;
		};
		67E179C72674E42B0011B1EE /* Frameworks */ = {
			isa = PBXFrameworksBuildPhase;
			buildActionMask = 2147483647;
			files = (
			);
			runOnlyForDeploymentPostprocessing = 0;
		};
		67E179D22674E42B0011B1EE /* Frameworks */ = {
			isa = PBXFrameworksBuildPhase;
			buildActionMask = 2147483647;
			files = (
			);
			runOnlyForDeploymentPostprocessing = 0;
		};
/* End PBXFrameworksBuildPhase section */

/* Begin PBXGroup section */
		67E179B02674E42A0011B1EE = {
			isa = PBXGroup;
			children = (
				67E179BB2674E42A0011B1EE /* UI-233 */,
				67E179CD2674E42B0011B1EE /* UI-233Tests */,
				67E179D82674E42B0011B1EE /* UI-233UITests */,
				67E179BA2674E42A0011B1EE /* Products */,
			);
			sourceTree = "<group>";
		};
		67E179BA2674E42A0011B1EE /* Products */ = {
			isa = PBXGroup;
			children = (
				67E179B92674E42A0011B1EE /* UI-233.app */,
				67E179CA2674E42B0011B1EE /* UI-233Tests.xctest */,
				67E179D52674E42B0011B1EE /* UI-233UITests.xctest */,
			);
			name = Products;
			sourceTree = "<group>";
		};
		67E179BB2674E42A0011B1EE /* UI-233 */ = {
			isa = PBXGroup;
			children = (
				67E179E72674E5270011B1EE /* View */,
				67E179BC2674E42A0011B1EE /* UI_233App.swift */,
				67E179BE2674E42A0011B1EE /* ContentView.swift */,
				67E179C02674E42B0011B1EE /* Assets.xcassets */,
				67E179C52674E42B0011B1EE /* Info.plist */,
				67E179C22674E42B0011B1EE /* Preview Content */,
			);
			path = "UI-233";
			sourceTree = "<group>";
		};
		67E179C22674E42B0011B1EE /* Preview Content */ = {
			isa = PBXGroup;
			children = (
				67E179C32674E42B0011B1EE /* Preview Assets.xcassets */,
			);
			path = "Preview Content";
			sourceTree = "<group>";
		};
		67E179CD2674E42B0011B1EE /* UI-233Tests */ = {
			isa = PBXGroup;
			children = (
				67E179CE2674E42B0011B1EE /* UI_233Tests.swift */,
				67E179D02674E42B0011B1EE /* Info.plist */,
			);
			path = "UI-233Tests";
			sourceTree = "<group>";
		};
		67E179D82674E42B0011B1EE /* UI-233UITests */ = {
			isa = PBXGroup;
			children = (
				67E179D92674E42B0011B1EE /* UI_233UITests.swift */,
				67E179DB2674E42B0011B1EE /* Info.plist */,
			);
			path = "UI-233UITests";
			sourceTree = "<group>";
		};
		67E179E72674E5270011B1EE /* View */ = {
			isa = PBXGroup;
			children = (
				67E179E82674E53A0011B1EE /* Home.swift */,
				67E179EA2674E5520011B1EE /* BlurView.swift */,
			);
			path = View;
			sourceTree = "<group>";
		};
/* End PBXGroup section */

/* Begin PBXNativeTarget section */
		67E179B82674E42A0011B1EE /* UI-233 */ = {
			isa = PBXNativeTarget;
			buildConfigurationList = 67E179DE2674E42B0011B1EE /* Build configuration list for PBXNativeTarget "UI-233" */;
			buildPhases = (
				67E179B52674E42A0011B1EE /* Sources */,
				67E179B62674E42A0011B1EE /* Frameworks */,
				67E179B72674E42A0011B1EE /* Resources */,
			);
			buildRules = (
			);
			dependencies = (
			);
			name = "UI-233";
			productName = "UI-233";
			productReference = 67E179B92674E42A0011B1EE /* UI-233.app */;
			productType = "com.apple.product-type.application";
		};
		67E179C92674E42B0011B1EE /* UI-233Tests */ = {
			isa = PBXNativeTarget;
			buildConfigurationList = 67E179E12674E42B0011B1EE /* Build configuration list for PBXNativeTarget "UI-233Tests" */;
			buildPhases = (
				67E179C62674E42B0011B1EE /* Sources */,
				67E179C72674E42B0011B1EE /* Frameworks */,
				67E179C82674E42B0011B1EE /* Resources */,
			);
			buildRules = (
			);
			dependencies = (
				67E179CC2674E42B0011B1EE /* PBXTargetDependency */,
			);
			name = "UI-233Tests";
			productName = "UI-233Tests";
			productReference = 67E179CA2674E42B0011B1EE /* UI-233Tests.xctest */;
			productType = "com.apple.product-type.bundle.unit-test";
		};
		67E179D42674E42B0011B1EE /* UI-233UITests */ = {
			isa = PBXNativeTarget;
			buildConfigurationList = 67E179E42674E42B0011B1EE /* Build configuration list for PBXNativeTarget "UI-233UITests" */;
			buildPhases = (
				67E179D12674E42B0011B1EE /* Sources */,
				67E179D22674E42B0011B1EE /* Frameworks */,
				67E179D32674E42B0011B1EE /* Resources */,
			);
			buildRules = (
			);
			dependencies = (
				67E179D72674E42B0011B1EE /* PBXTargetDependency */,
			);
			name = "UI-233UITests";
			productName = "UI-233UITests";
			productReference = 67E179D52674E42B0011B1EE /* UI-233UITests.xctest */;
			productType = "com.apple.product-type.bundle.ui-testing";
		};
/* End PBXNativeTarget section */

/* Begin PBXProject section */
		67E179B12674E42A0011B1EE /* Project object */ = {
			isa = PBXProject;
			attributes = {
				LastSwiftUpdateCheck = 1250;
				LastUpgradeCheck = 1250;
				TargetAttributes = {
					67E179B82674E42A0011B1EE = {
						CreatedOnToolsVersion = 12.5;
					};
					67E179C92674E42B0011B1EE = {
						CreatedOnToolsVersion = 12.5;
						TestTargetID = 67E179B82674E42A0011B1EE;
					};
					67E179D42674E42B0011B1EE = {
						CreatedOnToolsVersion = 12.5;
						TestTargetID = 67E179B82674E42A0011B1EE;
					};
				};
			};
			buildConfigurationList = 67E179B42674E42A0011B1EE /* Build configuration list for PBXProject "UI-233" */;
			compatibilityVersion = "Xcode 9.3";
			developmentRegion = en;
			hasScannedForEncodings = 0;
			knownRegions = (
				en,
				Base,
			);
			mainGroup = 67E179B02674E42A0011B1EE;
			productRefGroup = 67E179BA2674E42A0011B1EE /* Products */;
			projectDirPath = "";
			projectRoot = "";
			targets = (
				67E179B82674E42A0011B1EE /* UI-233 */,
				67E179C92674E42B0011B1EE /* UI-233Tests */,
				67E179D42674E42B0011B1EE /* UI-233UITests */,
			);
		};
/* End PBXProject section */

/* Begin PBXResourcesBuildPhase section */
		67E179B72674E42A0011B1EE /* Resources */ = {
			isa = PBXResourcesBuildPhase;
			buildActionMask = 2147483647;
			files = (
				67E179C42674E42B0011B1EE /* Preview Assets.xcassets in Resources */,
				67E179C12674E42B0011B1EE /* Assets.xcassets in Resources */,
			);
			runOnlyForDeploymentPostprocessing = 0;
		};
		67E179C82674E42B0011B1EE /* Resources */ = {
			isa = PBXResourcesBuildPhase;
			buildActionMask = 2147483647;
			files = (
			);
			runOnlyForDeploymentPostprocessing = 0;
		};
		67E179D32674E42B0011B1EE /* Resources */ = {
			isa = PBXResourcesBuildPhase;
			buildActionMask = 2147483647;
			files = (
			);
			runOnlyForDeploymentPostprocessing = 0;
		};
/* End PBXResourcesBuildPhase section */

/* Begin PBXSourcesBuildPhase section */
		67E179B52674E42A0011B1EE /* Sources */ = {
			isa = PBXSourcesBuildPhase;
			buildActionMask = 2147483647;
			files = (
				67E179BF2674E42A0011B1EE /* ContentView.swift in Sources */,
				67E179EB2674E5520011B1EE /* BlurView.swift in Sources */,
				67E179E92674E53A0011B1EE /* Home.swift in Sources */,
				67E179BD2674E42A0011B1EE /* UI_233App.swift in Sources */,
			);
			runOnlyForDeploymentPostprocessing = 0;
		};
		67E179C62674E42B0011B1EE /* Sources */ = {
			isa = PBXSourcesBuildPhase;
			buildActionMask = 2147483647;
			files = (
				67E179CF2674E42B0011B1EE /* UI_233Tests.swift in Sources */,
			);
			runOnlyForDeploymentPostprocessing = 0;
		};
		67E179D12674E42B0011B1EE /* Sources */ = {
			isa = PBXSourcesBuildPhase;
			buildActionMask = 2147483647;
			files = (
				67E179DA2674E42B0011B1EE /* UI_233UITests.swift in Sources */,
			);
			runOnlyForDeploymentPostprocessing = 0;
		};
/* End PBXSourcesBuildPhase section */

/* Begin PBXTargetDependency section */
		67E179CC2674E42B0011B1EE /* PBXTargetDependency */ = {
			isa = PBXTargetDependency;
			target = 67E179B82674E42A0011B1EE /* UI-233 */;
			targetProxy = 67E179CB2674E42B0011B1EE /* PBXContainerItemProxy */;
		};
		67E179D72674E42B0011B1EE /* PBXTargetDependency */ = {
			isa = PBXTargetDependency;
			target = 67E179B82674E42A0011B1EE /* UI-233 */;
			targetProxy = 67E179D62674E42B0011B1EE /* PBXContainerItemProxy */;
		};
/* End PBXTargetDependency section */

/* Begin XCBuildConfiguration section */
		67E179DC2674E42B0011B1EE /* Debug */ = {
			isa = XCBuildConfiguration;
			buildSettings = {
				ALWAYS_SEARCH_USER_PATHS = NO;
				CLANG_ANALYZER_NONNULL = YES;
				CLANG_ANALYZER_NUMBER_OBJECT_CONVERSION = YES_AGGRESSIVE;
				CLANG_CXX_LANGUAGE_STANDARD = "gnu++14";
				CLANG_CXX_LIBRARY = "libc++";
				CLANG_ENABLE_MODULES = YES;
				CLANG_ENABLE_OBJC_ARC = YES;
				CLANG_ENABLE_OBJC_WEAK = YES;
				CLANG_WARN_BLOCK_CAPTURE_AUTORELEASING = YES;
				CLANG_WARN_BOOL_CONVERSION = YES;
				CLANG_WARN_COMMA = YES;
				CLANG_WARN_CONSTANT_CONVERSION = YES;
				CLANG_WARN_DEPRECATED_OBJC_IMPLEMENTATIONS = YES;
				CLANG_WARN_DIRECT_OBJC_ISA_USAGE = YES_ERROR;
				CLANG_WARN_DOCUMENTATION_COMMENTS = YES;
				CLANG_WARN_EMPTY_BODY = YES;
				CLANG_WARN_ENUM_CONVERSION = YES;
				CLANG_WARN_INFINITE_RECURSION = YES;
				CLANG_WARN_INT_CONVERSION = YES;
				CLANG_WARN_NON_LITERAL_NULL_CONVERSION = YES;
				CLANG_WARN_OBJC_IMPLICIT_RETAIN_SELF = YES;
				CLANG_WARN_OBJC_LITERAL_CONVERSION = YES;
				CLANG_WARN_OBJC_ROOT_CLASS = YES_ERROR;
				CLANG_WARN_QUOTED_INCLUDE_IN_FRAMEWORK_HEADER = YES;
				CLANG_WARN_RANGE_LOOP_ANALYSIS = YES;
				CLANG_WARN_STRICT_PROTOTYPES = YES;
				CLANG_WARN_SUSPICIOUS_MOVE = YES;
				CLANG_WARN_UNGUARDED_AVAILABILITY = YES_AGGRESSIVE;
				CLANG_WARN_UNREACHABLE_CODE = YES;
				CLANG_WARN__DUPLICATE_METHOD_MATCH = YES;
				COPY_PHASE_STRIP = NO;
				DEBUG_INFORMATION_FORMAT = dwarf;
				ENABLE_STRICT_OBJC_MSGSEND = YES;
				ENABLE_TESTABILITY = YES;
				GCC_C_LANGUAGE_STANDARD = gnu11;
				GCC_DYNAMIC_NO_PIC = NO;
				GCC_NO_COMMON_BLOCKS = YES;
				GCC_OPTIMIZATION_LEVEL = 0;
				GCC_PREPROCESSOR_DEFINITIONS = (
					"DEBUG=1",
					"$(inherited)",
				);
				GCC_WARN_64_TO_32_BIT_CONVERSION = YES;
				GCC_WARN_ABOUT_RETURN_TYPE = YES_ERROR;
				GCC_WARN_UNDECLARED_SELECTOR = YES;
				GCC_WARN_UNINITIALIZED_AUTOS = YES_AGGRESSIVE;
				GCC_WARN_UNUSED_FUNCTION = YES;
				GCC_WARN_UNUSED_VARIABLE = YES;
				IPHONEOS_DEPLOYMENT_TARGET = 14.5;
				MTL_ENABLE_DEBUG_INFO = INCLUDE_SOURCE;
				MTL_FAST_MATH = YES;
				ONLY_ACTIVE_ARCH = YES;
				SDKROOT = iphoneos;
				SWIFT_ACTIVE_COMPILATION_CONDITIONS = DEBUG;
				SWIFT_OPTIMIZATION_LEVEL = "-Onone";
			};
			name = Debug;
		};
		67E179DD2674E42B0011B1EE /* Release */ = {
			isa = XCBuildConfiguration;
			buildSettings = {
				ALWAYS_SEARCH_USER_PATHS = NO;
				CLANG_ANALYZER_NONNULL = YES;
				CLANG_ANALYZER_NUMBER_OBJECT_CONVERSION = YES_AGGRESSIVE;
				CLANG_CXX_LANGUAGE_STANDARD = "gnu++14";
				CLANG_CXX_LIBRARY = "libc++";
				CLANG_ENABLE_MODULES = YES;
				CLANG_ENABLE_OBJC_ARC = YES;
				CLANG_ENABLE_OBJC_WEAK = YES;
				CLANG_WARN_BLOCK_CAPTURE_AUTORELEASING = YES;
				CLANG_WARN_BOOL_CONVERSION = YES;
				CLANG_WARN_COMMA = YES;
				CLANG_WARN_CONSTANT_CONVERSION = YES;
				CLANG_WARN_DEPRECATED_OBJC_IMPLEMENTATIONS = YES;
				CLANG_WARN_DIRECT_OBJC_ISA_USAGE = YES_ERROR;
				CLANG_WARN_DOCUMENTATION_COMMENTS = YES;
				CLANG_WARN_EMPTY_BODY = YES;
				CLANG_WARN_ENUM_CONVERSION = YES;
				CLANG_WARN_INFINITE_RECURSION = YES;
				CLANG_WARN_INT_CONVERSION = YES;
				CLANG_WARN_NON_LITERAL_NULL_CONVERSION = YES;
				CLANG_WARN_OBJC_IMPLICIT_RETAIN_SELF = YES;
				CLANG_WARN_OBJC_LITERAL_CONVERSION = YES;
				CLANG_WARN_OBJC_ROOT_CLASS = YES_ERROR;
				CLANG_WARN_QUOTED_INCLUDE_IN_FRAMEWORK_HEADER = YES;
				CLANG_WARN_RANGE_LOOP_ANALYSIS = YES;
				CLANG_WARN_STRICT_PROTOTYPES = YES;
				CLANG_WARN_SUSPICIOUS_MOVE = YES;
				CLANG_WARN_UNGUARDED_AVAILABILITY = YES_AGGRESSIVE;
				CLANG_WARN_UNREACHABLE_CODE = YES;
				CLANG_WARN__DUPLICATE_METHOD_MATCH = YES;
				COPY_PHASE_STRIP = NO;
				DEBUG_INFORMATION_FORMAT = "dwarf-with-dsym";
				ENABLE_NS_ASSERTIONS = NO;
				ENABLE_STRICT_OBJC_MSGSEND = YES;
				GCC_C_LANGUAGE_STANDARD = gnu11;
				GCC_NO_COMMON_BLOCKS = YES;
				GCC_WARN_64_TO_32_BIT_CONVERSION = YES;
				GCC_WARN_ABOUT_RETURN_TYPE = YES_ERROR;
				GCC_WARN_UNDECLARED_SELECTOR = YES;
				GCC_WARN_UNINITIALIZED_AUTOS = YES_AGGRESSIVE;
				GCC_WARN_UNUSED_FUNCTION = YES;
				GCC_WARN_UNUSED_VARIABLE = YES;
				IPHONEOS_DEPLOYMENT_TARGET = 14.5;
				MTL_ENABLE_DEBUG_INFO = NO;
				MTL_FAST_MATH = YES;
				SDKROOT = iphoneos;
				SWIFT_COMPILATION_MODE = wholemodule;
				SWIFT_OPTIMIZATION_LEVEL = "-O";
				VALIDATE_PRODUCT = YES;
			};
			name = Release;
		};
		67E179DF2674E42B0011B1EE /* Debug */ = {
			isa = XCBuildConfiguration;
			buildSettings = {
				ASSETCATALOG_COMPILER_APPICON_NAME = AppIcon;
				ASSETCATALOG_COMPILER_GLOBAL_ACCENT_COLOR_NAME = AccentColor;
				CODE_SIGN_STYLE = Automatic;
				DEVELOPMENT_ASSET_PATHS = "\"UI-233/Preview Content\"";
				ENABLE_PREVIEWS = YES;
				INFOPLIST_FILE = "UI-233/Info.plist";
				IPHONEOS_DEPLOYMENT_TARGET = 14.0;
				LD_RUNPATH_SEARCH_PATHS = (
					"$(inherited)",
					"@executable_path/Frameworks",
				);
				PRODUCT_BUNDLE_IDENTIFIER = "com.uzu.UI-233";
				PRODUCT_NAME = "$(TARGET_NAME)";
				SWIFT_VERSION = 5.0;
				TARGETED_DEVICE_FAMILY = "1,2";
			};
			name = Debug;
		};
		67E179E02674E42B0011B1EE /* Release */ = {
			isa = XCBuildConfiguration;
			buildSettings = {
				ASSETCATALOG_COMPILER_APPICON_NAME = AppIcon;
				ASSETCATALOG_COMPILER_GLOBAL_ACCENT_COLOR_NAME = AccentColor;
				CODE_SIGN_STYLE = Automatic;
				DEVELOPMENT_ASSET_PATHS = "\"UI-233/Preview Content\"";
				ENABLE_PREVIEWS = YES;
				INFOPLIST_FILE = "UI-233/Info.plist";
				IPHONEOS_DEPLOYMENT_TARGET = 14.0;
				LD_RUNPATH_SEARCH_PATHS = (
					"$(inherited)",
					"@executable_path/Frameworks",
				);
				PRODUCT_BUNDLE_IDENTIFIER = "com.uzu.UI-233";
				PRODUCT_NAME = "$(TARGET_NAME)";
				SWIFT_VERSION = 5.0;
				TARGETED_DEVICE_FAMILY = "1,2";
			};
			name = Release;
		};
		67E179E22674E42B0011B1EE /* Debug */ = {
			isa = XCBuildConfiguration;
			buildSettings = {
				ALWAYS_EMBED_SWIFT_STANDARD_LIBRARIES = YES;
				BUNDLE_LOADER = "$(TEST_HOST)";
				CODE_SIGN_STYLE = Automatic;
				INFOPLIST_FILE = "UI-233Tests/Info.plist";
				IPHONEOS_DEPLOYMENT_TARGET = 14.0;
				LD_RUNPATH_SEARCH_PATHS = (
					"$(inherited)",
					"@executable_path/Frameworks",
					"@loader_path/Frameworks",
				);
				PRODUCT_BUNDLE_IDENTIFIER = "com.uzu.UI-233Tests";
				PRODUCT_NAME = "$(TARGET_NAME)";
				SWIFT_VERSION = 5.0;
				TARGETED_DEVICE_FAMILY = "1,2";
				TEST_HOST = "$(BUILT_PRODUCTS_DIR)/UI-233.app/UI-233";
			};
			name = Debug;
		};
		67E179E32674E42B0011B1EE /* Release */ = {
			isa = XCBuildConfiguration;
			buildSettings = {
				ALWAYS_EMBED_SWIFT_STANDARD_LIBRARIES = YES;
				BUNDLE_LOADER = "$(TEST_HOST)";
				CODE_SIGN_STYLE = Automatic;
				INFOPLIST_FILE = "UI-233Tests/Info.plist";
				IPHONEOS_DEPLOYMENT_TARGET = 14.0;
				LD_RUNPATH_SEARCH_PATHS = (
					"$(inherited)",
					"@executable_path/Frameworks",
					"@loader_path/Frameworks",
				);
				PRODUCT_BUNDLE_IDENTIFIER = "com.uzu.UI-233Tests";
				PRODUCT_NAME = "$(TARGET_NAME)";
				SWIFT_VERSION = 5.0;
				TARGETED_DEVICE_FAMILY = "1,2";
				TEST_HOST = "$(BUILT_PRODUCTS_DIR)/UI-233.app/UI-233";
			};
			name = Release;
		};
		67E179E52674E42B0011B1EE /* Debug */ = {
			isa = XCBuildConfiguration;
			buildSettings = {
				ALWAYS_EMBED_SWIFT_STANDARD_LIBRARIES = YES;
				CODE_SIGN_STYLE = Automatic;
				INFOPLIST_FILE = "UI-233UITests/Info.plist";
				LD_RUNPATH_SEARCH_PATHS = (
					"$(inherited)",
					"@executable_path/Frameworks",
					"@loader_path/Frameworks",
				);
				PRODUCT_BUNDLE_IDENTIFIER = "com.uzu.UI-233UITests";
				PRODUCT_NAME = "$(TARGET_NAME)";
				SWIFT_VERSION = 5.0;
				TARGETED_DEVICE_FAMILY = "1,2";
				TEST_TARGET_NAME = "UI-233";
			};
			name = Debug;
		};
		67E179E62674E42B0011B1EE /* Release */ = {
			isa = XCBuildConfiguration;
			buildSettings = {
				ALWAYS_EMBED_SWIFT_STANDARD_LIBRARIES = YES;
				CODE_SIGN_STYLE = Automatic;
				INFOPLIST_FILE = "UI-233UITests/Info.plist";
				LD_RUNPATH_SEARCH_PATHS = (
					"$(inherited)",
					"@executable_path/Frameworks",
					"@loader_path/Frameworks",
				);
				PRODUCT_BUNDLE_IDENTIFIER = "com.uzu.UI-233UITests";
				PRODUCT_NAME = "$(TARGET_NAME)";
				SWIFT_VERSION = 5.0;
				TARGETED_DEVICE_FAMILY = "1,2";
				TEST_TARGET_NAME = "UI-233";
			};
			name = Release;
		};
/* End XCBuildConfiguration section */

/* Begin XCConfigurationList section */
		67E179B42674E42A0011B1EE /* Build configuration list for PBXProject "UI-233" */ = {
			isa = XCConfigurationList;
			buildConfigurations = (
				67E179DC2674E42B0011B1EE /* Debug */,
				67E179DD2674E42B0011B1EE /* Release */,
			);
			defaultConfigurationIsVisible = 0;
			defaultConfigurationName = Release;
		};
		67E179DE2674E42B0011B1EE /* Build configuration list for PBXNativeTarget "UI-233" */ = {
			isa = XCConfigurationList;
			buildConfigurations = (
				67E179DF2674E42B0011B1EE /* Debug */,
				67E179E02674E42B0011B1EE /* Release */,
			);
			defaultConfigurationIsVisible = 0;
			defaultConfigurationName = Release;
		};
		67E179E12674E42B0011B1EE /* Build configuration list for PBXNativeTarget "UI-233Tests" */ = {
			isa = XCConfigurationList;
			buildConfigurations = (
				67E179E22674E42B0011B1EE /* Debug */,
				67E179E32674E42B0011B1EE /* Release */,
			);
			defaultConfigurationIsVisible = 0;
			defaultConfigurationName = Release;
		};
		67E179E42674E42B0011B1EE /* Build configuration list for PBXNativeTarget "UI-233UITests" */ = {
			isa = XCConfigurationList;
			buildConfigurations = (
				67E179E52674E42B0011B1EE /* Debug */,
				67E179E62674E42B0011B1EE /* Release */,
			);
			defaultConfigurationIsVisible = 0;
			defaultConfigurationName = Release;
		};
/* End XCConfigurationList section */
	};
	rootObject = 67E179B12674E42A0011B1EE /* Project object */;
}
